
Microsoft Visual Studio Solution File, Format Version 12.00
# Visual Studio 15
VisualStudioVersion = 15.0.28307.168
MinimumVisualStudioVersion = 10.0.40219.1
Project("{FAE04EC0-301F-11D3-BF4B-00C04F79EFBC}") = "AzureRedisCache_Demo", "AzureRedisCache_Demo\AzureRedisCache_Demo.csproj", "{2C178D99-6A13-4711-B6A3-B1DED07C2723}"
EndProject
Global
	GlobalSection(SolutionConfigurationPlatforms) = preSolution
		Debug|Any CPU = Debug|Any CPU
		Release|Any CPU = Release|Any CPU
	EndGlobalSection
	GlobalSection(ProjectConfigurationPlatforms) = postSolution
		{2C178D99-6A13-4711-B6A3-B1DED07C2723}.Debug|Any CPU.ActiveCfg = Debug|Any CPU
		{2C178D99-6A13-4711-B6A3-B1DED07C2723}.Debug|Any CPU.Build.0 = Debug|Any CPU
		{2C178D99-6A13-4711-B6A3-B1DED07C2723}.Release|Any CPU.ActiveCfg = Release|Any CPU
		{2C178D99-6A13-4711-B6A3-B1DED07C2723}.Release|Any CPU.Build.0 = Release|Any CPU
	EndGlobalSection
	GlobalSection(SolutionProperties) = preSolution
		HideSolutionNode = FALSE
	EndGlobalSection
	GlobalSection(ExtensibilityGlobals) = postSolution
		SolutionGuid = {B2E941AD-6496-4634-992B-A411A5A8D3E7}
	EndGlobalSection
EndGlobal
